
Microsoft Visual Studio Solution File, Format Version 12.00
# Visual Studio Version 17
VisualStudioVersion = 17.10.35027.167
MinimumVisualStudioVersion = 10.0.40219.1
Project("{FAE04EC0-301F-11D3-BF4B-00C04F79EFBC}") = "Lab7", "Lab7\Lab7.csproj", "{2A02ECB6-F219-43A8-A6A5-2E967B7F9289}"
EndProject
Global
	GlobalSection(SolutionConfigurationPlatforms) = preSolution
		Debug|Any CPU = Debug|Any CPU
		Release|Any CPU = Release|Any CPU
	EndGlobalSection
	GlobalSection(ProjectConfigurationPlatforms) = postSolution
		{2A02ECB6-F219-43A8-A6A5-2E967B7F9289}.Debug|Any CPU.ActiveCfg = Debug|Any CPU
		{2A02ECB6-F219-43A8-A6A5-2E967B7F9289}.Debug|Any CPU.Build.0 = Debug|Any CPU
		{2A02ECB6-F219-43A8-A6A5-2E967B7F9289}.Release|Any CPU.ActiveCfg = Release|Any CPU
		{2A02ECB6-F219-43A8-A6A5-2E967B7F9289}.Release|Any CPU.Build.0 = Release|Any CPU
	EndGlobalSection
	GlobalSection(SolutionProperties) = preSolution
		HideSolutionNode = FALSE
	EndGlobalSection
	GlobalSection(ExtensibilityGlobals) = postSolution
		SolutionGuid = {FF2E60F6-E105-498D-882D-F253D674D682}
	EndGlobalSection
EndGlobal
